
Microsoft Visual Studio Solution File, Format Version 12.00
# Visual Studio 15
VisualStudioVersion = 15.0.27703.2026
MinimumVisualStudioVersion = 10.0.40219.1
Project("{9A19103F-16F7-4668-BE54-9A1E7A4F7556}") = "Alpha", "Alpha\Alpha.csproj", "{6F2493C9-0DA5-4D40-85FB-F1C544E186EF}"
EndProject
Project("{9A19103F-16F7-4668-BE54-9A1E7A4F7556}") = "ClassLibrary", "ClassLibrary\ClassLibrary.csproj", "{D4228CB5-31A0-4911-892B-B0CA1D45D1CF}"
EndProject
Project("{9A19103F-16F7-4668-BE54-9A1E7A4F7556}") = "XUnitTestProject1", "XUnitTestProject1\XUnitTestProject1.csproj", "{9F75A858-3B04-4B22-AD18-6096FCD0944C}"
EndProject
Project("{9A19103F-16F7-4668-BE54-9A1E7A4F7556}") = "ClassLibrary2", "ClassLibrary2\ClassLibrary2.csproj", "{86B2E757-24E3-4109-8268-992B3E8EADE5}"
EndProject
Project("{9A19103F-16F7-4668-BE54-9A1E7A4F7556}") = "XUnitTestProject2", "XUnitTestProject2\XUnitTestProject2.csproj", "{D27B7881-032F-44E9-9F74-CA104D2DE815}"
EndProject
Project("{FAE04EC0-301F-11D3-BF4B-00C04F79EFBC}") = "Processors", "Processors\Processors.csproj", "{FE33DEE1-A102-4EBE-B910-A3F68D81646A}"
EndProject
Project("{FAE04EC0-301F-11D3-BF4B-00C04F79EFBC}") = "Processors.UnitTests", "Processors.UnitTests\Processors.UnitTests.csproj", "{C08C2C9A-87F8-4B04-8928-35CF32BE111D}"
EndProject
Project("{2150E333-8FDC-42A3-9474-1A3956D46DE8}") = "Creating Unit Tests", "Creating Unit Tests", "{4BC39D3B-9879-4C24-BD2D-50E7C0883146}"
EndProject
Project("{FAE04EC0-301F-11D3-BF4B-00C04F79EFBC}") = "Automobiles", "Automobiles\Automobiles.csproj", "{334F91A8-7B15-4E65-B472-C28D0A72E4E3}"
EndProject
Project("{FAE04EC0-301F-11D3-BF4B-00C04F79EFBC}") = "AutomobilesApp", "AutomobilesApp\AutomobilesApp.csproj", "{3B5FD188-D99B-4CDC-9176-81A19C14FE6D}"
EndProject
Project("{FAE04EC0-301F-11D3-BF4B-00C04F79EFBC}") = "DoinSomeMath", "DoinSomeMath\DoinSomeMath.csproj", "{77DF72F1-532C-412C-B5DD-49CBA844F9DF}"
EndProject
Project("{FAE04EC0-301F-11D3-BF4B-00C04F79EFBC}") = "MathExerciseAnswer", "MathExerciseAnswer\MathExerciseAnswer.csproj", "{5592A529-A813-44A4-861C-556A3685A826}"
EndProject
Project("{FAE04EC0-301F-11D3-BF4B-00C04F79EFBC}") = "Vehicles", "Vehicles\Vehicles.csproj", "{7AAC1E4A-1D10-4304-A256-DBBAE18E7FFA}"
EndProject
Project("{2150E333-8FDC-42A3-9474-1A3956D46DE8}") = "Interfaces", "Interfaces", "{971E242A-A61A-462C-AA37-31A0FDD6AEB7}"
EndProject
Project("{FAE04EC0-301F-11D3-BF4B-00C04F79EFBC}") = "VehiclesV2", "VehiclesV2\VehiclesV2.csproj", "{E2F91B98-AF78-4FE3-BB61-611A9AB332E1}"
EndProject
Global
	GlobalSection(SolutionConfigurationPlatforms) = preSolution
		Debug|Any CPU = Debug|Any CPU
		Release|Any CPU = Release|Any CPU
	EndGlobalSection
	GlobalSection(ProjectConfigurationPlatforms) = postSolution
		{6F2493C9-0DA5-4D40-85FB-F1C544E186EF}.Debug|Any CPU.ActiveCfg = Debug|Any CPU
		{6F2493C9-0DA5-4D40-85FB-F1C544E186EF}.Debug|Any CPU.Build.0 = Debug|Any CPU
		{6F2493C9-0DA5-4D40-85FB-F1C544E186EF}.Release|Any CPU.ActiveCfg = Release|Any CPU
		{6F2493C9-0DA5-4D40-85FB-F1C544E186EF}.Release|Any CPU.Build.0 = Release|Any CPU
		{D4228CB5-31A0-4911-892B-B0CA1D45D1CF}.Debug|Any CPU.ActiveCfg = Debug|Any CPU
		{D4228CB5-31A0-4911-892B-B0CA1D45D1CF}.Debug|Any CPU.Build.0 = Debug|Any CPU
		{D4228CB5-31A0-4911-892B-B0CA1D45D1CF}.Release|Any CPU.ActiveCfg = Release|Any CPU
		{D4228CB5-31A0-4911-892B-B0CA1D45D1CF}.Release|Any CPU.Build.0 = Release|Any CPU
		{9F75A858-3B04-4B22-AD18-6096FCD0944C}.Debug|Any CPU.ActiveCfg = Debug|Any CPU
		{9F75A858-3B04-4B22-AD18-6096FCD0944C}.Debug|Any CPU.Build.0 = Debug|Any CPU
		{9F75A858-3B04-4B22-AD18-6096FCD0944C}.Release|Any CPU.ActiveCfg = Release|Any CPU
		{9F75A858-3B04-4B22-AD18-6096FCD0944C}.Release|Any CPU.Build.0 = Release|Any CPU
		{86B2E757-24E3-4109-8268-992B3E8EADE5}.Debug|Any CPU.ActiveCfg = Debug|Any CPU
		{86B2E757-24E3-4109-8268-992B3E8EADE5}.Debug|Any CPU.Build.0 = Debug|Any CPU
		{86B2E757-24E3-4109-8268-992B3E8EADE5}.Release|Any CPU.ActiveCfg = Release|Any CPU
		{86B2E757-24E3-4109-8268-992B3E8EADE5}.Release|Any CPU.Build.0 = Release|Any CPU
		{D27B7881-032F-44E9-9F74-CA104D2DE815}.Debug|Any CPU.ActiveCfg = Debug|Any CPU
		{D27B7881-032F-44E9-9F74-CA104D2DE815}.Debug|Any CPU.Build.0 = Debug|Any CPU
		{D27B7881-032F-44E9-9F74-CA104D2DE815}.Release|Any CPU.ActiveCfg = Release|Any CPU
		{D27B7881-032F-44E9-9F74-CA104D2DE815}.Release|Any CPU.Build.0 = Release|Any CPU
		{FE33DEE1-A102-4EBE-B910-A3F68D81646A}.Debug|Any CPU.ActiveCfg = Debug|Any CPU
		{FE33DEE1-A102-4EBE-B910-A3F68D81646A}.Debug|Any CPU.Build.0 = Debug|Any CPU
		{FE33DEE1-A102-4EBE-B910-A3F68D81646A}.Release|Any CPU.ActiveCfg = Release|Any CPU
		{FE33DEE1-A102-4EBE-B910-A3F68D81646A}.Release|Any CPU.Build.0 = Release|Any CPU
		{C08C2C9A-87F8-4B04-8928-35CF32BE111D}.Debug|Any CPU.ActiveCfg = Debug|Any CPU
		{C08C2C9A-87F8-4B04-8928-35CF32BE111D}.Debug|Any CPU.Build.0 = Debug|Any CPU
		{C08C2C9A-87F8-4B04-8928-35CF32BE111D}.Release|Any CPU.ActiveCfg = Release|Any CPU
		{C08C2C9A-87F8-4B04-8928-35CF32BE111D}.Release|Any CPU.Build.0 = Release|Any CPU
		{334F91A8-7B15-4E65-B472-C28D0A72E4E3}.Debug|Any CPU.ActiveCfg = Debug|Any CPU
		{334F91A8-7B15-4E65-B472-C28D0A72E4E3}.Debug|Any CPU.Build.0 = Debug|Any CPU
		{334F91A8-7B15-4E65-B472-C28D0A72E4E3}.Release|Any CPU.ActiveCfg = Release|Any CPU
		{334F91A8-7B15-4E65-B472-C28D0A72E4E3}.Release|Any CPU.Build.0 = Release|Any CPU
		{3B5FD188-D99B-4CDC-9176-81A19C14FE6D}.Debug|Any CPU.ActiveCfg = Debug|Any CPU
		{3B5FD188-D99B-4CDC-9176-81A19C14FE6D}.Debug|Any CPU.Build.0 = Debug|Any CPU
		{3B5FD188-D99B-4CDC-9176-81A19C14FE6D}.Release|Any CPU.ActiveCfg = Release|Any CPU
		{3B5FD188-D99B-4CDC-9176-81A19C14FE6D}.Release|Any CPU.Build.0 = Release|Any CPU
		{77DF72F1-532C-412C-B5DD-49CBA844F9DF}.Debug|Any CPU.ActiveCfg = Debug|Any CPU
		{77DF72F1-532C-412C-B5DD-49CBA844F9DF}.Debug|Any CPU.Build.0 = Debug|Any CPU
		{77DF72F1-532C-412C-B5DD-49CBA844F9DF}.Release|Any CPU.ActiveCfg = Release|Any CPU
		{77DF72F1-532C-412C-B5DD-49CBA844F9DF}.Release|Any CPU.Build.0 = Release|Any CPU
		{5592A529-A813-44A4-861C-556A3685A826}.Debug|Any CPU.ActiveCfg = Debug|Any CPU
		{5592A529-A813-44A4-861C-556A3685A826}.Debug|Any CPU.Build.0 = Debug|Any CPU
		{5592A529-A813-44A4-861C-556A3685A826}.Release|Any CPU.ActiveCfg = Release|Any CPU
		{5592A529-A813-44A4-861C-556A3685A826}.Release|Any CPU.Build.0 = Release|Any CPU
		{7AAC1E4A-1D10-4304-A256-DBBAE18E7FFA}.Debug|Any CPU.ActiveCfg = Debug|Any CPU
		{7AAC1E4A-1D10-4304-A256-DBBAE18E7FFA}.Debug|Any CPU.Build.0 = Debug|Any CPU
		{7AAC1E4A-1D10-4304-A256-DBBAE18E7FFA}.Release|Any CPU.ActiveCfg = Release|Any CPU
		{7AAC1E4A-1D10-4304-A256-DBBAE18E7FFA}.Release|Any CPU.Build.0 = Release|Any CPU
		{E2F91B98-AF78-4FE3-BB61-611A9AB332E1}.Debug|Any CPU.ActiveCfg = Debug|Any CPU
		{E2F91B98-AF78-4FE3-BB61-611A9AB332E1}.Debug|Any CPU.Build.0 = Debug|Any CPU
		{E2F91B98-AF78-4FE3-BB61-611A9AB332E1}.Release|Any CPU.ActiveCfg = Release|Any CPU
		{E2F91B98-AF78-4FE3-BB61-611A9AB332E1}.Release|Any CPU.Build.0 = Release|Any CPU
	EndGlobalSection
	GlobalSection(SolutionProperties) = preSolution
		HideSolutionNode = FALSE
	EndGlobalSection
	GlobalSection(NestedProjects) = preSolution
		{D4228CB5-31A0-4911-892B-B0CA1D45D1CF} = {4BC39D3B-9879-4C24-BD2D-50E7C0883146}
		{9F75A858-3B04-4B22-AD18-6096FCD0944C} = {4BC39D3B-9879-4C24-BD2D-50E7C0883146}
		{86B2E757-24E3-4109-8268-992B3E8EADE5} = {4BC39D3B-9879-4C24-BD2D-50E7C0883146}
		{D27B7881-032F-44E9-9F74-CA104D2DE815} = {4BC39D3B-9879-4C24-BD2D-50E7C0883146}
		{FE33DEE1-A102-4EBE-B910-A3F68D81646A} = {4BC39D3B-9879-4C24-BD2D-50E7C0883146}
		{C08C2C9A-87F8-4B04-8928-35CF32BE111D} = {4BC39D3B-9879-4C24-BD2D-50E7C0883146}
		{334F91A8-7B15-4E65-B472-C28D0A72E4E3} = {971E242A-A61A-462C-AA37-31A0FDD6AEB7}
		{3B5FD188-D99B-4CDC-9176-81A19C14FE6D} = {971E242A-A61A-462C-AA37-31A0FDD6AEB7}
		{77DF72F1-532C-412C-B5DD-49CBA844F9DF} = {971E242A-A61A-462C-AA37-31A0FDD6AEB7}
		{5592A529-A813-44A4-861C-556A3685A826} = {971E242A-A61A-462C-AA37-31A0FDD6AEB7}
		{7AAC1E4A-1D10-4304-A256-DBBAE18E7FFA} = {971E242A-A61A-462C-AA37-31A0FDD6AEB7}
	EndGlobalSection
	GlobalSection(ExtensibilityGlobals) = postSolution
		SolutionGuid = {429E81BC-F5F2-4D21-B478-56F9534F38C7}
	EndGlobalSection
EndGlobal
